PODS:
  - Alamofire (5.5.0)
  - CountryPickerSwift (1.8.2)
  - KeychainSwift (20.0.0)
  - Moya (15.0.0):
    - Moya/Core (= 15.0.0)
  - Moya/Core (15.0.0):
    - Alamofire (~> 5.0)
  - Realm (10.25.2):
    - Realm/Headers (= 10.25.2)
  - Realm/Headers (10.25.2)
  - RealmSwift (10.25.2):
    - Realm (= 10.25.2)

DEPENDENCIES:
  - CountryPickerSwift
  - KeychainSwift
  - Moya
  - RealmSwift

SPEC REPOS:
  trunk:
    - Alamofire
    - CountryPickerSwift
    - KeychainSwift
    - Moya
    - Realm
    - RealmSwift

SPEC CHECKSUMS:
  Alamofire: 1c4fb5369c3fe93d2857c780d8bbe09f06f97e7c
  CountryPickerSwift: b2cd8b391a0222bd9a97d09ea30426303adac810
  KeychainSwift: 0ce6a4d13f7228054d1a71bb1b500448fb2ab837
  Moya: 138f0573e53411fb3dc17016add0b748dfbd78ee
  Realm: 978303663d0509166498f423d112e5ee97d4c91b
  RealmSwift: a0c30c1efc49e928a0a6f8fb141bb2629616d79b

PODFILE CHECKSUM: e197922077098b615321859e8ec473e1a897888f

COCOAPODS: 1.11.3
