// !$*UTF8*$!
{
	archiveVersion = 1;
	classes = {
	};
	objectVersion = 55;
	objects = {

/* Begin PBXBuildFile section */
		5E0F55D72934FF2200E0178C /* AppDelegate.swift in Sources */ = {isa = PBXBuildFile; fileRef = 5E0F55D62934FF2200E0178C /* AppDelegate.swift */; };
		5E0F55D92934FF2200E0178C /* SceneDelegate.swift in Sources */ = {isa = PBXBuildFile; fileRef = 5E0F55D82934FF2200E0178C /* SceneDelegate.swift */; };
		5E0F55DB2934FF2200E0178C /* ViewController.swift in Sources */ = {isa = PBXBuildFile; fileRef = 5E0F55DA2934FF2200E0178C /* ViewController.swift */; };
		5E0F55E02934FF2300E0178C /* Assets.xcassets in Resources */ = {isa = PBXBuildFile; fileRef = 5E0F55DF2934FF2300E0178C /* Assets.xcassets */; };
		5E0F55E32934FF2300E0178C /* LaunchScreen.storyboard in Resources */ = {isa = PBXBuildFile; fileRef = 5E0F55E12934FF2300E0178C /* LaunchScreen.storyboard */; };
		5E0F55EE2934FF2300E0178C /* MyChatTests.swift in Sources */ = {isa = PBXBuildFile; fileRef = 5E0F55ED2934FF2300E0178C /* MyChatTests.swift */; };
		5E0F55F82934FF2300E0178C /* MyChatUITests.swift in Sources */ = {isa = PBXBuildFile; fileRef = 5E0F55F72934FF2300E0178C /* MyChatUITests.swift */; };
		5E0F55FA2934FF2300E0178C /* MyChatUITestsLaunchTests.swift in Sources */ = {isa = PBXBuildFile; fileRef = 5E0F55F92934FF2300E0178C /* MyChatUITestsLaunchTests.swift */; };
		5E0F56072935026900E0178C /* ModuleBuilder.swift in Sources */ = {isa = PBXBuildFile; fileRef = 5E0F56062935026900E0178C /* ModuleBuilder.swift */; };
/* End PBXBuildFile section */

/* Begin PBXContainerItemProxy section */
		5E0F55EA2934FF2300E0178C /* PBXContainerItemProxy */ = {
			isa = PBXContainerItemProxy;
			containerPortal = 5E0F55CB2934FF2200E0178C /* Project object */;
			proxyType = 1;
			remoteGlobalIDString = 5E0F55D22934FF2200E0178C;
			remoteInfo = MyChat;
		};
		5E0F55F42934FF2300E0178C /* PBXContainerItemProxy */ = {
			isa = PBXContainerItemProxy;
			containerPortal = 5E0F55CB2934FF2200E0178C /* Project object */;
			proxyType = 1;
			remoteGlobalIDString = 5E0F55D22934FF2200E0178C;
			remoteInfo = MyChat;
		};
/* End PBXContainerItemProxy section */

/* Begin PBXFileReference section */
		5E0F55D32934FF2200E0178C /* MyChat.app */ = {isa = PBXFileReference; explicitFileType = wrapper.application; includeInIndex = 0; path = MyChat.app; sourceTree = BUILT_PRODUCTS_DIR; };
		5E0F55D62934FF2200E0178C /* AppDelegate.swift */ = {isa = PBXFileReference; lastKnownFileType = sourcecode.swift; path = AppDelegate.swift; sourceTree = "<group>"; };
		5E0F55D82934FF2200E0178C /* SceneDelegate.swift */ = {isa = PBXFileReference; lastKnownFileType = sourcecode.swift; path = SceneDelegate.swift; sourceTree = "<group>"; };
		5E0F55DA2934FF2200E0178C /* ViewController.swift */ = {isa = PBXFileReference; lastKnownFileType = sourcecode.swift; path = ViewController.swift; sourceTree = "<group>"; };
		5E0F55DF2934FF2300E0178C /* Assets.xcassets */ = {isa = PBXFileReference; lastKnownFileType = folder.assetcatalog; path = Assets.xcassets; sourceTree = "<group>"; };
		5E0F55E22934FF2300E0178C /* Base */ = {isa = PBXFileReference; lastKnownFileType = file.storyboard; name = Base; path = Base.lproj/LaunchScreen.storyboard; sourceTree = "<group>"; };
		5E0F55E42934FF2300E0178C /* Info.plist */ = {isa = PBXFileReference; lastKnownFileType = text.plist.xml; path = Info.plist; sourceTree = "<group>"; };
		5E0F55E92934FF2300E0178C /* MyChatTests.xctest */ = {isa = PBXFileReference; explicitFileType = wrapper.cfbundle; includeInIndex = 0; path = MyChatTests.xctest; sourceTree = BUILT_PRODUCTS_DIR; };
		5E0F55ED2934FF2300E0178C /* MyChatTests.swift */ = {isa = PBXFileReference; lastKnownFileType = sourcecode.swift; path = MyChatTests.swift; sourceTree = "<group>"; };
		5E0F55F32934FF2300E0178C /* MyChatUITests.xctest */ = {isa = PBXFileReference; explicitFileType = wrapper.cfbundle; includeInIndex = 0; path = MyChatUITests.xctest; sourceTree = BUILT_PRODUCTS_DIR; };
		5E0F55F72934FF2300E0178C /* MyChatUITests.swift */ = {isa = PBXFileReference; lastKnownFileType = sourcecode.swift; path = MyChatUITests.swift; sourceTree = "<group>"; };
		5E0F55F92934FF2300E0178C /* MyChatUITestsLaunchTests.swift */ = {isa = PBXFileReference; lastKnownFileType = sourcecode.swift; path = MyChatUITestsLaunchTests.swift; sourceTree = "<group>"; };
		5E0F56062935026900E0178C /* ModuleBuilder.swift */ = {isa = PBXFileReference; lastKnownFileType = sourcecode.swift; path = ModuleBuilder.swift; sourceTree = "<group>"; };
/* End PBXFileReference section */

/* Begin PBXFrameworksBuildPhase section */
		5E0F55D02934FF2200E0178C /* Frameworks */ = {
			isa = PBXFrameworksBuildPhase;
			buildActionMask = 2147483647;
			files = (
			);
			runOnlyForDeploymentPostprocessing = 0;
		};
		5E0F55E62934FF2300E0178C /* Frameworks */ = {
			isa = PBXFrameworksBuildPhase;
			buildActionMask = 2147483647;
			files = (
			);
			runOnlyForDeploymentPostprocessing = 0;
		};
		5E0F55F02934FF2300E0178C /* Frameworks */ = {
			isa = PBXFrameworksBuildPhase;
			buildActionMask = 2147483647;
			files = (
			);
			runOnlyForDeploymentPostprocessing = 0;
		};
/* End PBXFrameworksBuildPhase section */

/* Begin PBXGroup section */
		5E0F55CA2934FF2200E0178C = {
			isa = PBXGroup;
			children = (
				5E0F55D52934FF2200E0178C /* MyChat */,
				5E0F55EC2934FF2300E0178C /* MyChatTests */,
				5E0F55F62934FF2300E0178C /* MyChatUITests */,
				5E0F55D42934FF2200E0178C /* Products */,
			);
			sourceTree = "<group>";
		};
		5E0F55D42934FF2200E0178C /* Products */ = {
			isa = PBXGroup;
			children = (
				5E0F55D32934FF2200E0178C /* MyChat.app */,
				5E0F55E92934FF2300E0178C /* MyChatTests.xctest */,
				5E0F55F32934FF2300E0178C /* MyChatUITests.xctest */,
			);
			name = Products;
			sourceTree = "<group>";
		};
		5E0F55D52934FF2200E0178C /* MyChat */ = {
			isa = PBXGroup;
			children = (
				5E0F56082935076500E0178C /* Aplication */,
				5E0F55DA2934FF2200E0178C /* ViewController.swift */,
				5E0F56062935026900E0178C /* ModuleBuilder.swift */,
			);
			path = MyChat;
			sourceTree = "<group>";
		};
		5E0F55EC2934FF2300E0178C /* MyChatTests */ = {
			isa = PBXGroup;
			children = (
				5E0F55ED2934FF2300E0178C /* MyChatTests.swift */,
			);
			path = MyChatTests;
			sourceTree = "<group>";
		};
		5E0F55F62934FF2300E0178C /* MyChatUITests */ = {
			isa = PBXGroup;
			children = (
				5E0F55F72934FF2300E0178C /* MyChatUITests.swift */,
				5E0F55F92934FF2300E0178C /* MyChatUITestsLaunchTests.swift */,
			);
			path = MyChatUITests;
			sourceTree = "<group>";
		};
		5E0F56082935076500E0178C /* Aplication */ = {
			isa = PBXGroup;
			children = (
				5E0F56092935077900E0178C /* Resources */,
				5E0F55D62934FF2200E0178C /* AppDelegate.swift */,
				5E0F55D82934FF2200E0178C /* SceneDelegate.swift */,
				5E0F55E12934FF2300E0178C /* LaunchScreen.storyboard */,
				5E0F55E42934FF2300E0178C /* Info.plist */,
			);
			path = Aplication;
			sourceTree = "<group>";
		};
		5E0F56092935077900E0178C /* Resources */ = {
			isa = PBXGroup;
			children = (
				5E0F55DF2934FF2300E0178C /* Assets.xcassets */,
			);
			path = Resources;
			sourceTree = "<group>";
		};
/* End PBXGroup section */

/* Begin PBXNativeTarget section */
		5E0F55D22934FF2200E0178C /* MyChat */ = {
			isa = PBXNativeTarget;
			buildConfigurationList = 5E0F55FD2934FF2300E0178C /* Build configuration list for PBXNativeTarget "MyChat" */;
			buildPhases = (
				5E0F55CF2934FF2200E0178C /* Sources */,
				5E0F55D02934FF2200E0178C /* Frameworks */,
				5E0F55D12934FF2200E0178C /* Resources */,
			);
			buildRules = (
			);
			dependencies = (
			);
			name = MyChat;
			productName = MyChat;
			productReference = 5E0F55D32934FF2200E0178C /* MyChat.app */;
			productType = "com.apple.product-type.application";
		};
		5E0F55E82934FF2300E0178C /* MyChatTests */ = {
			isa = PBXNativeTarget;
			buildConfigurationList = 5E0F56002934FF2300E0178C /* Build configuration list for PBXNativeTarget "MyChatTests" */;
			buildPhases = (
				5E0F55E52934FF2300E0178C /* Sources */,
				5E0F55E62934FF2300E0178C /* Frameworks */,
				5E0F55E72934FF2300E0178C /* Resources */,
			);
			buildRules = (
			);
			dependencies = (
				5E0F55EB2934FF2300E0178C /* PBXTargetDependency */,
			);
			name = MyChatTests;
			productName = MyChatTests;
			productReference = 5E0F55E92934FF2300E0178C /* MyChatTests.xctest */;
			productType = "com.apple.product-type.bundle.unit-test";
		};
		5E0F55F22934FF2300E0178C /* MyChatUITests */ = {
			isa = PBXNativeTarget;
			buildConfigurationList = 5E0F56032934FF2300E0178C /* Build configuration list for PBXNativeTarget "MyChatUITests" */;
			buildPhases = (
				5E0F55EF2934FF2300E0178C /* Sources */,
				5E0F55F02934FF2300E0178C /* Frameworks */,
				5E0F55F12934FF2300E0178C /* Resources */,
			);
			buildRules = (
			);
			dependencies = (
				5E0F55F52934FF2300E0178C /* PBXTargetDependency */,
			);
			name = MyChatUITests;
			productName = MyChatUITests;
			productReference = 5E0F55F32934FF2300E0178C /* MyChatUITests.xctest */;
			productType = "com.apple.product-type.bundle.ui-testing";
		};
/* End PBXNativeTarget section */

/* Begin PBXProject section */
		5E0F55CB2934FF2200E0178C /* Project object */ = {
			isa = PBXProject;
			attributes = {
				BuildIndependentTargetsInParallel = 1;
				LastSwiftUpdateCheck = 1330;
				LastUpgradeCheck = 1330;
				TargetAttributes = {
					5E0F55D22934FF2200E0178C = {
						CreatedOnToolsVersion = 13.3.1;
					};
					5E0F55E82934FF2300E0178C = {
						CreatedOnToolsVersion = 13.3.1;
						TestTargetID = 5E0F55D22934FF2200E0178C;
					};
					5E0F55F22934FF2300E0178C = {
						CreatedOnToolsVersion = 13.3.1;
						TestTargetID = 5E0F55D22934FF2200E0178C;
					};
				};
			};
			buildConfigurationList = 5E0F55CE2934FF2200E0178C /* Build configuration list for PBXProject "MyChat" */;
			compatibilityVersion = "Xcode 13.0";
			developmentRegion = en;
			hasScannedForEncodings = 0;
			knownRegions = (
				en,
				Base,
			);
			mainGroup = 5E0F55CA2934FF2200E0178C;
			productRefGroup = 5E0F55D42934FF2200E0178C /* Products */;
			projectDirPath = "";
			projectRoot = "";
			targets = (
				5E0F55D22934FF2200E0178C /* MyChat */,
				5E0F55E82934FF2300E0178C /* MyChatTests */,
				5E0F55F22934FF2300E0178C /* MyChatUITests */,
			);
		};
/* End PBXProject section */

/* Begin PBXResourcesBuildPhase section */
		5E0F55D12934FF2200E0178C /* Resources */ = {
			isa = PBXResourcesBuildPhase;
			buildActionMask = 2147483647;
			files = (
				5E0F55E32934FF2300E0178C /* LaunchScreen.storyboard in Resources */,
				5E0F55E02934FF2300E0178C /* Assets.xcassets in Resources */,
			);
			runOnlyForDeploymentPostprocessing = 0;
		};
		5E0F55E72934FF2300E0178C /* Resources */ = {
			isa = PBXResourcesBuildPhase;
			buildActionMask = 2147483647;
			files = (
			);
			runOnlyForDeploymentPostprocessing = 0;
		};
		5E0F55F12934FF2300E0178C /* Resources */ = {
			isa = PBXResourcesBuildPhase;
			buildActionMask = 2147483647;
			files = (
			);
			runOnlyForDeploymentPostprocessing = 0;
		};
/* End PBXResourcesBuildPhase section */

/* Begin PBXSourcesBuildPhase section */
		5E0F55CF2934FF2200E0178C /* Sources */ = {
			isa = PBXSourcesBuildPhase;
			buildActionMask = 2147483647;
			files = (
				5E0F55DB2934FF2200E0178C /* ViewController.swift in Sources */,
				5E0F55D72934FF2200E0178C /* AppDelegate.swift in Sources */,
				5E0F55D92934FF2200E0178C /* SceneDelegate.swift in Sources */,
				5E0F56072935026900E0178C /* ModuleBuilder.swift in Sources */,
			);
			runOnlyForDeploymentPostprocessing = 0;
		};
		5E0F55E52934FF2300E0178C /* Sources */ = {
			isa = PBXSourcesBuildPhase;
			buildActionMask = 2147483647;
			files = (
				5E0F55EE2934FF2300E0178C /* MyChatTests.swift in Sources */,
			);
			runOnlyForDeploymentPostprocessing = 0;
		};
		5E0F55EF2934FF2300E0178C /* Sources */ = {
			isa = PBXSourcesBuildPhase;
			buildActionMask = 2147483647;
			files = (
				5E0F55FA2934FF2300E0178C /* MyChatUITestsLaunchTests.swift in Sources */,
				5E0F55F82934FF2300E0178C /* MyChatUITests.swift in Sources */,
			);
			runOnlyForDeploymentPostprocessing = 0;
		};
/* End PBXSourcesBuildPhase section */

/* Begin PBXTargetDependency section */
		5E0F55EB2934FF2300E0178C /* PBXTargetDependency */ = {
			isa = PBXTargetDependency;
			target = 5E0F55D22934FF2200E0178C /* MyChat */;
			targetProxy = 5E0F55EA2934FF2300E0178C /* PBXContainerItemProxy */;
		};
		5E0F55F52934FF2300E0178C /* PBXTargetDependency */ = {
			isa = PBXTargetDependency;
			target = 5E0F55D22934FF2200E0178C /* MyChat */;
			targetProxy = 5E0F55F42934FF2300E0178C /* PBXContainerItemProxy */;
		};
/* End PBXTargetDependency section */

/* Begin PBXVariantGroup section */
		5E0F55E12934FF2300E0178C /* LaunchScreen.storyboard */ = {
			isa = PBXVariantGroup;
			children = (
				5E0F55E22934FF2300E0178C /* Base */,
			);
			name = LaunchScreen.storyboard;
			sourceTree = "<group>";
		};
/* End PBXVariantGroup section */

/* Begin XCBuildConfiguration section */
		5E0F55FB2934FF2300E0178C /* Debug */ = {
			isa = XCBuildConfiguration;
			buildSettings = {
				ALWAYS_SEARCH_USER_PATHS = NO;
				CLANG_ANALYZER_NONNULL = YES;
				CLANG_ANALYZER_NUMBER_OBJECT_CONVERSION = YES_AGGRESSIVE;
				CLANG_CXX_LANGUAGE_STANDARD = "gnu++17";
				CLANG_ENABLE_MODULES = YES;
				CLANG_ENABLE_OBJC_ARC = YES;
				CLANG_ENABLE_OBJC_WEAK = YES;
				CLANG_WARN_BLOCK_CAPTURE_AUTORELEASING = YES;
				CLANG_WARN_BOOL_CONVERSION = YES;
				CLANG_WARN_COMMA = YES;
				CLANG_WARN_CONSTANT_CONVERSION = YES;
				CLANG_WARN_DEPRECATED_OBJC_IMPLEMENTATIONS = YES;
				CLANG_WARN_DIRECT_OBJC_ISA_USAGE = YES_ERROR;
				CLANG_WARN_DOCUMENTATION_COMMENTS = YES;
				CLANG_WARN_EMPTY_BODY = YES;
				CLANG_WARN_ENUM_CONVERSION = YES;
				CLANG_WARN_INFINITE_RECURSION = YES;
				CLANG_WARN_INT_CONVERSION = YES;
				CLANG_WARN_NON_LITERAL_NULL_CONVERSION = YES;
				CLANG_WARN_OBJC_IMPLICIT_RETAIN_SELF = YES;
				CLANG_WARN_OBJC_LITERAL_CONVERSION = YES;
				CLANG_WARN_OBJC_ROOT_CLASS = YES_ERROR;
				CLANG_WARN_QUOTED_INCLUDE_IN_FRAMEWORK_HEADER = YES;
				CLANG_WARN_RANGE_LOOP_ANALYSIS = YES;
				CLANG_WARN_STRICT_PROTOTYPES = YES;
				CLANG_WARN_SUSPICIOUS_MOVE = YES;
				CLANG_WARN_UNGUARDED_AVAILABILITY = YES_AGGRESSIVE;
				CLANG_WARN_UNREACHABLE_CODE = YES;
				CLANG_WARN__DUPLICATE_METHOD_MATCH = YES;
				COPY_PHASE_STRIP = NO;
				DEBUG_INFORMATION_FORMAT = dwarf;
				ENABLE_STRICT_OBJC_MSGSEND = YES;
				ENABLE_TESTABILITY = YES;
				GCC_C_LANGUAGE_STANDARD = gnu11;
				GCC_DYNAMIC_NO_PIC = NO;
				GCC_NO_COMMON_BLOCKS = YES;
				GCC_OPTIMIZATION_LEVEL = 0;
				GCC_PREPROCESSOR_DEFINITIONS = (
					"DEBUG=1",
					"$(inherited)",
				);
				GCC_WARN_64_TO_32_BIT_CONVERSION = YES;
				GCC_WARN_ABOUT_RETURN_TYPE = YES_ERROR;
				GCC_WARN_UNDECLARED_SELECTOR = YES;
				GCC_WARN_UNINITIALIZED_AUTOS = YES_AGGRESSIVE;
				GCC_WARN_UNUSED_FUNCTION = YES;
				GCC_WARN_UNUSED_VARIABLE = YES;
				IPHONEOS_DEPLOYMENT_TARGET = 15.4;
				MTL_ENABLE_DEBUG_INFO = INCLUDE_SOURCE;
				MTL_FAST_MATH = YES;
				ONLY_ACTIVE_ARCH = YES;
				SDKROOT = iphoneos;
				SWIFT_ACTIVE_COMPILATION_CONDITIONS = DEBUG;
				SWIFT_OPTIMIZATION_LEVEL = "-Onone";
			};
			name = Debug;
		};
		5E0F55FC2934FF2300E0178C /* Release */ = {
			isa = XCBuildConfiguration;
			buildSettings = {
				ALWAYS_SEARCH_USER_PATHS = NO;
				CLANG_ANALYZER_NONNULL = YES;
				CLANG_ANALYZER_NUMBER_OBJECT_CONVERSION = YES_AGGRESSIVE;
				CLANG_CXX_LANGUAGE_STANDARD = "gnu++17";
				CLANG_ENABLE_MODULES = YES;
				CLANG_ENABLE_OBJC_ARC = YES;
				CLANG_ENABLE_OBJC_WEAK = YES;
				CLANG_WARN_BLOCK_CAPTURE_AUTORELEASING = YES;
				CLANG_WARN_BOOL_CONVERSION = YES;
				CLANG_WARN_COMMA = YES;
				CLANG_WARN_CONSTANT_CONVERSION = YES;
				CLANG_WARN_DEPRECATED_OBJC_IMPLEMENTATIONS = YES;
				CLANG_WARN_DIRECT_OBJC_ISA_USAGE = YES_ERROR;
				CLANG_WARN_DOCUMENTATION_COMMENTS = YES;
				CLANG_WARN_EMPTY_BODY = YES;
				CLANG_WARN_ENUM_CONVERSION = YES;
				CLANG_WARN_INFINITE_RECURSION = YES;
				CLANG_WARN_INT_CONVERSION = YES;
				CLANG_WARN_NON_LITERAL_NULL_CONVERSION = YES;
				CLANG_WARN_OBJC_IMPLICIT_RETAIN_SELF = YES;
				CLANG_WARN_OBJC_LITERAL_CONVERSION = YES;
				CLANG_WARN_OBJC_ROOT_CLASS = YES_ERROR;
				CLANG_WARN_QUOTED_INCLUDE_IN_FRAMEWORK_HEADER = YES;
				CLANG_WARN_RANGE_LOOP_ANALYSIS = YES;
				CLANG_WARN_STRICT_PROTOTYPES = YES;
				CLANG_WARN_SUSPICIOUS_MOVE = YES;
				CLANG_WARN_UNGUARDED_AVAILABILITY = YES_AGGRESSIVE;
				CLANG_WARN_UNREACHABLE_CODE = YES;
				CLANG_WARN__DUPLICATE_METHOD_MATCH = YES;
				COPY_PHASE_STRIP = NO;
				DEBUG_INFORMATION_FORMAT = "dwarf-with-dsym";
				ENABLE_NS_ASSERTIONS = NO;
				ENABLE_STRICT_OBJC_MSGSEND = YES;
				GCC_C_LANGUAGE_STANDARD = gnu11;
				GCC_NO_COMMON_BLOCKS = YES;
				GCC_WARN_64_TO_32_BIT_CONVERSION = YES;
				GCC_WARN_ABOUT_RETURN_TYPE = YES_ERROR;
				GCC_WARN_UNDECLARED_SELECTOR = YES;
				GCC_WARN_UNINITIALIZED_AUTOS = YES_AGGRESSIVE;
				GCC_WARN_UNUSED_FUNCTION = YES;
				GCC_WARN_UNUSED_VARIABLE = YES;
				IPHONEOS_DEPLOYMENT_TARGET = 15.4;
				MTL_ENABLE_DEBUG_INFO = NO;
				MTL_FAST_MATH = YES;
				SDKROOT = iphoneos;
				SWIFT_COMPILATION_MODE = wholemodule;
				SWIFT_OPTIMIZATION_LEVEL = "-O";
				VALIDATE_PRODUCT = YES;
			};
			name = Release;
		};
		5E0F55FE2934FF2300E0178C /* Debug */ = {
			isa = XCBuildConfiguration;
			buildSettings = {
				ASSETCATALOG_COMPILER_APPICON_NAME = AppIcon;
				ASSETCATALOG_COMPILER_GLOBAL_ACCENT_COLOR_NAME = AccentColor;
				CODE_SIGN_STYLE = Automatic;
				CURRENT_PROJECT_VERSION = 1;
				GENERATE_INFOPLIST_FILE = YES;
				INFOPLIST_FILE = MyChat/Aplication/Info.plist;
				INFOPLIST_KEY_UIApplicationSupportsIndirectInputEvents = YES;
				INFOPLIST_KEY_UILaunchStoryboardName = LaunchScreen;
				INFOPLIST_KEY_UISupportedInterfaceOrientations_iPad = "UIInterfaceOrientationPortrait UIInterfaceOrientationPortraitUpsideDown UIInterfaceOrientationLandscapeLeft UIInterfaceOrientationLandscapeRight";
				INFOPLIST_KEY_UISupportedInterfaceOrientations_iPhone = "UIInterfaceOrientationPortrait UIInterfaceOrientationLandscapeLeft UIInterfaceOrientationLandscapeRight";
				LD_RUNPATH_SEARCH_PATHS = (
					"$(inherited)",
					"@executable_path/Frameworks",
				);
				MARKETING_VERSION = 1.0;
				PRODUCT_BUNDLE_IDENTIFIER = "-23.MyChat";
				PRODUCT_NAME = "$(TARGET_NAME)";
				SWIFT_EMIT_LOC_STRINGS = YES;
				SWIFT_VERSION = 5.0;
				TARGETED_DEVICE_FAMILY = "1,2";
			};
			name = Debug;
		};
		5E0F55FF2934FF2300E0178C /* Release */ = {
			isa = XCBuildConfiguration;
			buildSettings = {
				ASSETCATALOG_COMPILER_APPICON_NAME = AppIcon;
				ASSETCATALOG_COMPILER_GLOBAL_ACCENT_COLOR_NAME = AccentColor;
				CODE_SIGN_STYLE = Automatic;
				CURRENT_PROJECT_VERSION = 1;
				GENERATE_INFOPLIST_FILE = YES;
				INFOPLIST_FILE = MyChat/Aplication/Info.plist;
				INFOPLIST_KEY_UIApplicationSupportsIndirectInputEvents = YES;
				INFOPLIST_KEY_UILaunchStoryboardName = LaunchScreen;
				INFOPLIST_KEY_UISupportedInterfaceOrientations_iPad = "UIInterfaceOrientationPortrait UIInterfaceOrientationPortraitUpsideDown UIInterfaceOrientationLandscapeLeft UIInterfaceOrientationLandscapeRight";
				INFOPLIST_KEY_UISupportedInterfaceOrientations_iPhone = "UIInterfaceOrientationPortrait UIInterfaceOrientationLandscapeLeft UIInterfaceOrientationLandscapeRight";
				LD_RUNPATH_SEARCH_PATHS = (
					"$(inherited)",
					"@executable_path/Frameworks",
				);
				MARKETING_VERSION = 1.0;
				PRODUCT_BUNDLE_IDENTIFIER = "-23.MyChat";
				PRODUCT_NAME = "$(TARGET_NAME)";
				SWIFT_EMIT_LOC_STRINGS = YES;
				SWIFT_VERSION = 5.0;
				TARGETED_DEVICE_FAMILY = "1,2";
			};
			name = Release;
		};
		5E0F56012934FF2300E0178C /* Debug */ = {
			isa = XCBuildConfiguration;
			buildSettings = {
				ALWAYS_EMBED_SWIFT_STANDARD_LIBRARIES = YES;
				BUNDLE_LOADER = "$(TEST_HOST)";
				CODE_SIGN_STYLE = Automatic;
				CURRENT_PROJECT_VERSION = 1;
				GENERATE_INFOPLIST_FILE = YES;
				IPHONEOS_DEPLOYMENT_TARGET = 15.4;
				MARKETING_VERSION = 1.0;
				PRODUCT_BUNDLE_IDENTIFIER = "-23.MyChatTests";
				PRODUCT_NAME = "$(TARGET_NAME)";
				SWIFT_EMIT_LOC_STRINGS = NO;
				SWIFT_VERSION = 5.0;
				TARGETED_DEVICE_FAMILY = "1,2";
				TEST_HOST = "$(BUILT_PRODUCTS_DIR)/MyChat.app/MyChat";
			};
			name = Debug;
		};
		5E0F56022934FF2300E0178C /* Release */ = {
			isa = XCBuildConfiguration;
			buildSettings = {
				ALWAYS_EMBED_SWIFT_STANDARD_LIBRARIES = YES;
				BUNDLE_LOADER = "$(TEST_HOST)";
				CODE_SIGN_STYLE = Automatic;
				CURRENT_PROJECT_VERSION = 1;
				GENERATE_INFOPLIST_FILE = YES;
				IPHONEOS_DEPLOYMENT_TARGET = 15.4;
				MARKETING_VERSION = 1.0;
				PRODUCT_BUNDLE_IDENTIFIER = "-23.MyChatTests";
				PRODUCT_NAME = "$(TARGET_NAME)";
				SWIFT_EMIT_LOC_STRINGS = NO;
				SWIFT_VERSION = 5.0;
				TARGETED_DEVICE_FAMILY = "1,2";
				TEST_HOST = "$(BUILT_PRODUCTS_DIR)/MyChat.app/MyChat";
			};
			name = Release;
		};
		5E0F56042934FF2300E0178C /* Debug */ = {
			isa = XCBuildConfiguration;
			buildSettings = {
				ALWAYS_EMBED_SWIFT_STANDARD_LIBRARIES = YES;
				CODE_SIGN_STYLE = Automatic;
				CURRENT_PROJECT_VERSION = 1;
				GENERATE_INFOPLIST_FILE = YES;
				MARKETING_VERSION = 1.0;
				PRODUCT_BUNDLE_IDENTIFIER = "-23.MyChatUITests";
				PRODUCT_NAME = "$(TARGET_NAME)";
				SWIFT_EMIT_LOC_STRINGS = NO;
				SWIFT_VERSION = 5.0;
				TARGETED_DEVICE_FAMILY = "1,2";
				TEST_TARGET_NAME = MyChat;
			};
			name = Debug;
		};
		5E0F56052934FF2300E0178C /* Release */ = {
			isa = XCBuildConfiguration;
			buildSettings = {
				ALWAYS_EMBED_SWIFT_STANDARD_LIBRARIES = YES;
				CODE_SIGN_STYLE = Automatic;
				CURRENT_PROJECT_VERSION = 1;
				GENERATE_INFOPLIST_FILE = YES;
				MARKETING_VERSION = 1.0;
				PRODUCT_BUNDLE_IDENTIFIER = "-23.MyChatUITests";
				PRODUCT_NAME = "$(TARGET_NAME)";
				SWIFT_EMIT_LOC_STRINGS = NO;
				SWIFT_VERSION = 5.0;
				TARGETED_DEVICE_FAMILY = "1,2";
				TEST_TARGET_NAME = MyChat;
			};
			name = Release;
		};
/* End XCBuildConfiguration section */

/* Begin XCConfigurationList section */
		5E0F55CE2934FF2200E0178C /* Build configuration list for PBXProject "MyChat" */ = {
			isa = XCConfigurationList;
			buildConfigurations = (
				5E0F55FB2934FF2300E0178C /* Debug */,
				5E0F55FC2934FF2300E0178C /* Release */,
			);
			defaultConfigurationIsVisible = 0;
			defaultConfigurationName = Release;
		};
		5E0F55FD2934FF2300E0178C /* Build configuration list for PBXNativeTarget "MyChat" */ = {
			isa = XCConfigurationList;
			buildConfigurations = (
				5E0F55FE2934FF2300E0178C /* Debug */,
				5E0F55FF2934FF2300E0178C /* Release */,
			);
			defaultConfigurationIsVisible = 0;
			defaultConfigurationName = Release;
		};
		5E0F56002934FF2300E0178C /* Build configuration list for PBXNativeTarget "MyChatTests" */ = {
			isa = XCConfigurationList;
			buildConfigurations = (
				5E0F56012934FF2300E0178C /* Debug */,
				5E0F56022934FF2300E0178C /* Release */,
			);
			defaultConfigurationIsVisible = 0;
			defaultConfigurationName = Release;
		};
		5E0F56032934FF2300E0178C /* Build configuration list for PBXNativeTarget "MyChatUITests" */ = {
			isa = XCConfigurationList;
			buildConfigurations = (
				5E0F56042934FF2300E0178C /* Debug */,
				5E0F56052934FF2300E0178C /* Release */,
			);
			defaultConfigurationIsVisible = 0;
			defaultConfigurationName = Release;
		};
/* End XCConfigurationList section */
	};
	rootObject = 5E0F55CB2934FF2200E0178C /* Project object */;
}
